
Microsoft Visual Studio Solution File, Format Version 12.00
# Visual Studio 15
VisualStudioVersion = 15.0.28307.438
MinimumVisualStudioVersion = 10.0.40219.1
Project("{8BC9CEB8-8B4A-11D0-8D11-00A0C91BC942}") = "1712695", "1712695\1712695.vcxproj", "{EFEC2549-6BB1-4117-AE26-767AC2537784}"
EndProject
Global
	GlobalSection(SolutionConfigurationPlatforms) = preSolution
		Debug|x64 = Debug|x64
		Debug|x86 = Debug|x86
		Release|x64 = Release|x64
		Release|x86 = Release|x86
	EndGlobalSection
	GlobalSection(ProjectConfigurationPlatforms) = postSolution
		{EFEC2549-6BB1-4117-AE26-767AC2537784}.Debug|x64.ActiveCfg = Debug|x64
		{EFEC2549-6BB1-4117-AE26-767AC2537784}.Debug|x64.Build.0 = Debug|x64
		{EFEC2549-6BB1-4117-AE26-767AC2537784}.Debug|x86.ActiveCfg = Debug|Win32
		{EFEC2549-6BB1-4117-AE26-767AC2537784}.Debug|x86.Build.0 = Debug|Win32
		{EFEC2549-6BB1-4117-AE26-767AC2537784}.Release|x64.ActiveCfg = Release|x64
		{EFEC2549-6BB1-4117-AE26-767AC2537784}.Release|x64.Build.0 = Release|x64
		{EFEC2549-6BB1-4117-AE26-767AC2537784}.Release|x86.ActiveCfg = Release|Win32
		{EFEC2549-6BB1-4117-AE26-767AC2537784}.Release|x86.Build.0 = Release|Win32
	EndGlobalSection
	GlobalSection(SolutionProperties) = preSolution
		HideSolutionNode = FALSE
	EndGlobalSection
	GlobalSection(ExtensibilityGlobals) = postSolution
		SolutionGuid = {16B34D2D-FEA8-4082-9EB6-16ED5E8D7DB1}
	EndGlobalSection
EndGlobal
